
Microsoft Visual Studio Solution File, Format Version 12.00
# Visual Studio Version 17
VisualStudioVersion = 17.7.34031.279
MinimumVisualStudioVersion = 10.0.40219.1
Project("{F184B08F-C81C-45F6-A57F-5ABD9991F28F}") = "Ferreteria-Sistema", "Ferreteria-Sistema\Ferreteria-Sistema.vbproj", "{A2BE53E8-C452-4203-A175-35702AB85691}"
EndProject
Global
	GlobalSection(SolutionConfigurationPlatforms) = preSolution
		Debug|Any CPU = Debug|Any CPU
		Release|Any CPU = Release|Any CPU
	EndGlobalSection
	GlobalSection(ProjectConfigurationPlatforms) = postSolution
		{A2BE53E8-C452-4203-A175-35702AB85691}.Debug|Any CPU.ActiveCfg = Debug|Any CPU
		{A2BE53E8-C452-4203-A175-35702AB85691}.Debug|Any CPU.Build.0 = Debug|Any CPU
		{A2BE53E8-C452-4203-A175-35702AB85691}.Release|Any CPU.ActiveCfg = Release|Any CPU
		{A2BE53E8-C452-4203-A175-35702AB85691}.Release|Any CPU.Build.0 = Release|Any CPU
	EndGlobalSection
	GlobalSection(SolutionProperties) = preSolution
		HideSolutionNode = FALSE
	EndGlobalSection
	GlobalSection(ExtensibilityGlobals) = postSolution
		SolutionGuid = {973B836C-E3F3-42C5-860B-B02CAAD28E38}
	EndGlobalSection
EndGlobal
